
Microsoft Visual Studio Solution File, Format Version 12.00
# Visual Studio Version 17
VisualStudioVersion = 17.0.32002.185
MinimumVisualStudioVersion = 10.0.40219.1
Project("{FAE04EC0-301F-11D3-BF4B-00C04F79EFBC}") = "Rad", "Rad\Rad.csproj", "{21974824-AD2B-414E-9FC6-4B2F17C45E6E}"
EndProject
Global
	GlobalSection(SolutionConfigurationPlatforms) = preSolution
		Debug|Any CPU = Debug|Any CPU
		Release|Any CPU = Release|Any CPU
	EndGlobalSection
	GlobalSection(ProjectConfigurationPlatforms) = postSolution
		{21974824-AD2B-414E-9FC6-4B2F17C45E6E}.Debug|Any CPU.ActiveCfg = Debug|Any CPU
		{21974824-AD2B-414E-9FC6-4B2F17C45E6E}.Debug|Any CPU.Build.0 = Debug|Any CPU
		{21974824-AD2B-414E-9FC6-4B2F17C45E6E}.Release|Any CPU.ActiveCfg = Release|Any CPU
		{21974824-AD2B-414E-9FC6-4B2F17C45E6E}.Release|Any CPU.Build.0 = Release|Any CPU
	EndGlobalSection
	GlobalSection(SolutionProperties) = preSolution
		HideSolutionNode = FALSE
	EndGlobalSection
	GlobalSection(ExtensibilityGlobals) = postSolution
		SolutionGuid = {A2C1423A-38BA-4210-AFDC-1C7A4C295506}
	EndGlobalSection
EndGlobal
